{
  "name": "frontend",
  "version": "1.0.0",
  "lockfileVersion": 2,
  "requires": true,
  "packages": {
    "": {
      "name": "frontend",
      "version": "1.0.0",
      "license": "ISC",
      "dependencies": {
        "sweetalert2": "^10.15.5"
      },
      "devDependencies": {
        "@types/node": "^14.14.35"
      }
    },
    "node_modules/@types/node": {
      "version": "14.14.35",
      "resolved": "https://registry.npmjs.org/@types/node/-/node-14.14.35.tgz",
      "integrity": "sha512-Lt+wj8NVPx0zUmUwumiVXapmaLUcAk3yPuHCFVXras9k5VT9TdhJqKqGVUQCD60OTMCl0qxJ57OiTL0Mic3Iag==",
      "dev": true
    },
    "node_modules/sweetalert2": {
      "version": "10.15.5",
      "resolved": "https://registry.npmjs.org/sweetalert2/-/sweetalert2-10.15.5.tgz",
      "integrity": "sha512-zHZqVpsEyfBVy/O25D7RMYyh+/h0jbmHXGK9DWEDnkPvsl4JlMueJRSEidAFS+mtYDLI8fFkGKltgHRvDPRV1g==",
      "funding": {
        "url": "https://sweetalert2.github.io/#donations"
      }
    }
  },
  "dependencies": {
    "@types/node": {
      "version": "14.14.35",
      "resolved": "https://registry.npmjs.org/@types/node/-/node-14.14.35.tgz",
      "integrity": "sha512-Lt+wj8NVPx0zUmUwumiVXapmaLUcAk3yPuHCFVXras9k5VT9TdhJqKqGVUQCD60OTMCl0qxJ57OiTL0Mic3Iag==",
      "dev": true
    },
    "sweetalert2": {
      "version": "10.15.5",
      "resolved": "https://registry.npmjs.org/sweetalert2/-/sweetalert2-10.15.5.tgz",
      "integrity": "sha512-zHZqVpsEyfBVy/O25D7RMYyh+/h0jbmHXGK9DWEDnkPvsl4JlMueJRSEidAFS+mtYDLI8fFkGKltgHRvDPRV1g=="
    }
  }
}
